
Microsoft Visual Studio Solution File, Format Version 11.00
# Visual Studio 2010
Project("{8BC9CEB8-8B4A-11D0-8D11-00A0C91BC942}") = "muwx", "..\..\vc8\muwx.vcxproj", "{77C16200-04C6-49D1-83D3-95573EB322BA}"
EndProject
Project("{8BC9CEB8-8B4A-11D0-8D11-00A0C91BC942}") = "testkram", "..\..\..\test\testkram\testkram.vcxproj", "{6555935D-D7BB-48C4-ADB6-B4DE3974CFFE}"
EndProject
Global
	GlobalSection(SolutionConfigurationPlatforms) = preSolution
		Debug|Win32 = Debug|Win32
		Release|Win32 = Release|Win32
	EndGlobalSection
	GlobalSection(ProjectConfigurationPlatforms) = postSolution
		{77C16200-04C6-49D1-83D3-95573EB322BA}.Debug|Win32.ActiveCfg = Debug|Win32
		{77C16200-04C6-49D1-83D3-95573EB322BA}.Debug|Win32.Build.0 = Debug|Win32
		{77C16200-04C6-49D1-83D3-95573EB322BA}.Release|Win32.ActiveCfg = Release|Win32
		{77C16200-04C6-49D1-83D3-95573EB322BA}.Release|Win32.Build.0 = Release|Win32
		{6555935D-D7BB-48C4-ADB6-B4DE3974CFFE}.Debug|Win32.ActiveCfg = Debug|Win32
		{6555935D-D7BB-48C4-ADB6-B4DE3974CFFE}.Debug|Win32.Build.0 = Debug|Win32
		{6555935D-D7BB-48C4-ADB6-B4DE3974CFFE}.Release|Win32.ActiveCfg = Release|Win32
		{6555935D-D7BB-48C4-ADB6-B4DE3974CFFE}.Release|Win32.Build.0 = Release|Win32
	EndGlobalSection
	GlobalSection(SolutionProperties) = preSolution
		HideSolutionNode = FALSE
	EndGlobalSection
EndGlobal
